{
  "name": "Project_SafeWalk",
  "lockfileVersion": 3,
  "requires": true,
  "packages": {
    "": {
      "dependencies": {
        "@capacitor/geolocation": "^5.0.6"
      }
    },
    "node_modules/@capacitor/core": {
      "version": "5.5.0",
      "resolved": "https://registry.npmjs.org/@capacitor/core/-/core-5.5.0.tgz",
      "integrity": "sha512-w59io0ctwnb7JRng7yO2H0YLHG8uz7XARUugRfp5aYTNiG55FqdSmSMOOqGCMPRg4sEnKjJTvAa4ImCYh3Kk1w==",
      "peer": true,
      "dependencies": {
        "tslib": "^2.1.0"
      }
    },
    "node_modules/@capacitor/geolocation": {
      "version": "5.0.6",
      "resolved": "https://registry.npmjs.org/@capacitor/geolocation/-/geolocation-5.0.6.tgz",
      "integrity": "sha512-3pB3CBa38aDMk7zouGbjOMBytcaqRMBosMcqNrOQjE5LMBAPUI1cEGrUzmkj+scP0SIyYGA95Tkj0BAnzvNWag==",
      "peerDependencies": {
        "@capacitor/core": "^5.0.0"
      }
    },
    "node_modules/tslib": {
      "version": "2.6.2",
      "resolved": "https://registry.npmjs.org/tslib/-/tslib-2.6.2.tgz",
      "integrity": "sha512-AEYxH93jGFPn/a2iVAwW87VuUIkR1FVUKB77NwMF7nBTDkDrrT/Hpt/IrCJ0QXhW27jTBDcf5ZY7w6RiqTMw2Q==",
      "peer": true
    }
  }
}
